// !$*UTF8*$!
{
	archiveVersion = 1;
	classes = {
	};
	objectVersion = 51;
	objects = {

/* Begin PBXBuildFile section */
		1E7CFD5F57ABFE5C3125288A /* Pods_HW2_8_1.framework in Frameworks */ = {isa = PBXBuildFile; fileRef = 8FF2CBFCE95699271C46A447 /* Pods_HW2_8_1.framework */; };
		C795A0092515D104006FA02A /* Animation.swift in Sources */ = {isa = PBXBuildFile; fileRef = C795A0082515D104006FA02A /* Animation.swift */; };
		C795A0112515D1F1006FA02A /* .gitignore in Resources */ = {isa = PBXBuildFile; fileRef = C795A0102515D1F1006FA02A /* .gitignore */; };
		C7BA7AA42515CF86008E13A3 /* AppDelegate.swift in Sources */ = {isa = PBXBuildFile; fileRef = C7BA7AA32515CF86008E13A3 /* AppDelegate.swift */; };
		C7BA7AA62515CF86008E13A3 /* SceneDelegate.swift in Sources */ = {isa = PBXBuildFile; fileRef = C7BA7AA52515CF86008E13A3 /* SceneDelegate.swift */; };
		C7BA7AA82515CF86008E13A3 /* AnimationsViewController.swift in Sources */ = {isa = PBXBuildFile; fileRef = C7BA7AA72515CF86008E13A3 /* AnimationsViewController.swift */; };
		C7BA7AAB2515CF86008E13A3 /* Main.storyboard in Resources */ = {isa = PBXBuildFile; fileRef = C7BA7AA92515CF86008E13A3 /* Main.storyboard */; };
		C7BA7AAD2515CF87008E13A3 /* Assets.xcassets in Resources */ = {isa = PBXBuildFile; fileRef = C7BA7AAC2515CF87008E13A3 /* Assets.xcassets */; };
		C7BA7AB02515CF87008E13A3 /* LaunchScreen.storyboard in Resources */ = {isa = PBXBuildFile; fileRef = C7BA7AAE2515CF87008E13A3 /* LaunchScreen.storyboard */; };
/* End PBXBuildFile section */

/* Begin PBXFileReference section */
		8FF2CBFCE95699271C46A447 /* Pods_HW2_8_1.framework */ = {isa = PBXFileReference; explicitFileType = wrapper.framework; includeInIndex = 0; path = Pods_HW2_8_1.framework; sourceTree = BUILT_PRODUCTS_DIR; };
		C795A0082515D104006FA02A /* Animation.swift */ = {isa = PBXFileReference; lastKnownFileType = sourcecode.swift; path = Animation.swift; sourceTree = "<group>"; };
		C795A0102515D1F1006FA02A /* .gitignore */ = {isa = PBXFileReference; lastKnownFileType = text; path = .gitignore; sourceTree = "<group>"; };
		C7BA7AA02515CF86008E13A3 /* HW2.8.1.app */ = {isa = PBXFileReference; explicitFileType = wrapper.application; includeInIndex = 0; path = HW2.8.1.app; sourceTree = BUILT_PRODUCTS_DIR; };
		C7BA7AA32515CF86008E13A3 /* AppDelegate.swift */ = {isa = PBXFileReference; lastKnownFileType = sourcecode.swift; path = AppDelegate.swift; sourceTree = "<group>"; };
		C7BA7AA52515CF86008E13A3 /* SceneDelegate.swift */ = {isa = PBXFileReference; lastKnownFileType = sourcecode.swift; path = SceneDelegate.swift; sourceTree = "<group>"; };
		C7BA7AA72515CF86008E13A3 /* AnimationsViewController.swift */ = {isa = PBXFileReference; lastKnownFileType = sourcecode.swift; path = AnimationsViewController.swift; sourceTree = "<group>"; };
		C7BA7AAA2515CF86008E13A3 /* Base */ = {isa = PBXFileReference; lastKnownFileType = file.storyboard; name = Base; path = Base.lproj/Main.storyboard; sourceTree = "<group>"; };
		C7BA7AAC2515CF87008E13A3 /* Assets.xcassets */ = {isa = PBXFileReference; lastKnownFileType = folder.assetcatalog; path = Assets.xcassets; sourceTree = "<group>"; };
		C7BA7AAF2515CF87008E13A3 /* Base */ = {isa = PBXFileReference; lastKnownFileType = file.storyboard; name = Base; path = Base.lproj/LaunchScreen.storyboard; sourceTree = "<group>"; };
		C7BA7AB12515CF87008E13A3 /* Info.plist */ = {isa = PBXFileReference; lastKnownFileType = text.plist.xml; path = Info.plist; sourceTree = "<group>"; };
		CAD27BF06E6DB232FC25EEB0 /* Pods-HW2.8.1.release.xcconfig */ = {isa = PBXFileReference; includeInIndex = 1; lastKnownFileType = text.xcconfig; name = "Pods-HW2.8.1.release.xcconfig"; path = "Target Support Files/Pods-HW2.8.1/Pods-HW2.8.1.release.xcconfig"; sourceTree = "<group>"; };
		F0FF9B1E1A8B8EA1529A6E33 /* Pods-HW2.8.1.debug.xcconfig */ = {isa = PBXFileReference; includeInIndex = 1; lastKnownFileType = text.xcconfig; name = "Pods-HW2.8.1.debug.xcconfig"; path = "Target Support Files/Pods-HW2.8.1/Pods-HW2.8.1.debug.xcconfig"; sourceTree = "<group>"; };
/* End PBXFileReference section */

/* Begin PBXFrameworksBuildPhase section */
		C7BA7A9D2515CF86008E13A3 /* Frameworks */ = {
			isa = PBXFrameworksBuildPhase;
			buildActionMask = 2147483647;
			files = (
				1E7CFD5F57ABFE5C3125288A /* Pods_HW2_8_1.framework in Frameworks */,
			);
			runOnlyForDeploymentPostprocessing = 0;
		};
/* End PBXFrameworksBuildPhase section */

/* Begin PBXGroup section */
		02FABA88E009894FFF52EBD6 /* Frameworks */ = {
			isa = PBXGroup;
			children = (
				8FF2CBFCE95699271C46A447 /* Pods_HW2_8_1.framework */,
			);
			name = Frameworks;
			sourceTree = "<group>";
		};
		4D7EB6465E4C305338016243 /* Pods */ = {
			isa = PBXGroup;
			children = (
				F0FF9B1E1A8B8EA1529A6E33 /* Pods-HW2.8.1.debug.xcconfig */,
				CAD27BF06E6DB232FC25EEB0 /* Pods-HW2.8.1.release.xcconfig */,
			);
			path = Pods;
			sourceTree = "<group>";
		};
		C795A0072515D0F4006FA02A /* Model */ = {
			isa = PBXGroup;
			children = (
				C795A0082515D104006FA02A /* Animation.swift */,
			);
			path = Model;
			sourceTree = "<group>";
		};
		C795A00B2515D10C006FA02A /* ViewControllers */ = {
			isa = PBXGroup;
			children = (
				C7BA7AA72515CF86008E13A3 /* AnimationsViewController.swift */,
			);
			path = ViewControllers;
			sourceTree = "<group>";
		};
		C795A00C2515D11C006FA02A /* Source */ = {
			isa = PBXGroup;
			children = (
				C7BA7AAC2515CF87008E13A3 /* Assets.xcassets */,
			);
			path = Source;
			sourceTree = "<group>";
		};
		C795A00D2515D12D006FA02A /* SupportingFiles */ = {
			isa = PBXGroup;
			children = (
				C7BA7AB12515CF87008E13A3 /* Info.plist */,
				C7BA7AA32515CF86008E13A3 /* AppDelegate.swift */,
				C7BA7AA52515CF86008E13A3 /* SceneDelegate.swift */,
			);
			path = SupportingFiles;
			sourceTree = "<group>";
		};
		C795A00E2515D138006FA02A /* Storyboards */ = {
			isa = PBXGroup;
			children = (
				C7BA7AA92515CF86008E13A3 /* Main.storyboard */,
				C7BA7AAE2515CF87008E13A3 /* LaunchScreen.storyboard */,
			);
			path = Storyboards;
			sourceTree = "<group>";
		};
		C7BA7A972515CF86008E13A3 = {
			isa = PBXGroup;
			children = (
				C795A0102515D1F1006FA02A /* .gitignore */,
				C7BA7AA22515CF86008E13A3 /* HW2.8.1 */,
				C7BA7AA12515CF86008E13A3 /* Products */,
				4D7EB6465E4C305338016243 /* Pods */,
				02FABA88E009894FFF52EBD6 /* Frameworks */,
			);
			sourceTree = "<group>";
		};
		C7BA7AA12515CF86008E13A3 /* Products */ = {
			isa = PBXGroup;
			children = (
				C7BA7AA02515CF86008E13A3 /* HW2.8.1.app */,
			);
			name = Products;
			sourceTree = "<group>";
		};
		C7BA7AA22515CF86008E13A3 /* HW2.8.1 */ = {
			isa = PBXGroup;
			children = (
				C795A00E2515D138006FA02A /* Storyboards */,
				C795A00D2515D12D006FA02A /* SupportingFiles */,
				C795A00C2515D11C006FA02A /* Source */,
				C795A00B2515D10C006FA02A /* ViewControllers */,
				C795A0072515D0F4006FA02A /* Model */,
			);
			path = HW2.8.1;
			sourceTree = "<group>";
		};
/* End PBXGroup section */

/* Begin PBXNativeTarget section */
		C7BA7A9F2515CF86008E13A3 /* HW2.8.1 */ = {
			isa = PBXNativeTarget;
			buildConfigurationList = C7BA7AB42515CF87008E13A3 /* Build configuration list for PBXNativeTarget "HW2.8.1" */;
			buildPhases = (
				BC888A82BD0F966DC14B0325 /* [CP] Check Pods Manifest.lock */,
				C7BA7A9C2515CF86008E13A3 /* Sources */,
				C7BA7A9D2515CF86008E13A3 /* Frameworks */,
				C7BA7A9E2515CF86008E13A3 /* Resources */,
				272CA61C26C6F1DA8C8B6273 /* [CP] Embed Pods Frameworks */,
			);
			buildRules = (
			);
			dependencies = (
			);
			name = HW2.8.1;
			productName = HW2.8.1;
			productReference = C7BA7AA02515CF86008E13A3 /* HW2.8.1.app */;
			productType = "com.apple.product-type.application";
		};
/* End PBXNativeTarget section */

/* Begin PBXProject section */
		C7BA7A982515CF86008E13A3 /* Project object */ = {
			isa = PBXProject;
			attributes = {
				LastSwiftUpdateCheck = 1200;
				LastUpgradeCheck = 1200;
				TargetAttributes = {
					C7BA7A9F2515CF86008E13A3 = {
						CreatedOnToolsVersion = 12.0;
					};
				};
			};
			buildConfigurationList = C7BA7A9B2515CF86008E13A3 /* Build configuration list for PBXProject "HW2.8.1" */;
			compatibilityVersion = "Xcode 9.3";
			developmentRegion = en;
			hasScannedForEncodings = 0;
			knownRegions = (
				en,
				Base,
			);
			mainGroup = C7BA7A972515CF86008E13A3;
			productRefGroup = C7BA7AA12515CF86008E13A3 /* Products */;
			projectDirPath = "";
			projectRoot = "";
			targets = (
				C7BA7A9F2515CF86008E13A3 /* HW2.8.1 */,
			);
		};
/* End PBXProject section */

/* Begin PBXResourcesBuildPhase section */
		C7BA7A9E2515CF86008E13A3 /* Resources */ = {
			isa = PBXResourcesBuildPhase;
			buildActionMask = 2147483647;
			files = (
				C795A0112515D1F1006FA02A /* .gitignore in Resources */,
				C7BA7AB02515CF87008E13A3 /* LaunchScreen.storyboard in Resources */,
				C7BA7AAD2515CF87008E13A3 /* Assets.xcassets in Resources */,
				C7BA7AAB2515CF86008E13A3 /* Main.storyboard in Resources */,
			);
			runOnlyForDeploymentPostprocessing = 0;
		};
/* End PBXResourcesBuildPhase section */

/* Begin PBXShellScriptBuildPhase section */
		272CA61C26C6F1DA8C8B6273 /* [CP] Embed Pods Frameworks */ = {
			isa = PBXShellScriptBuildPhase;
			buildActionMask = 2147483647;
			files = (
			);
			inputFileListPaths = (
				"${PODS_ROOT}/Target Support Files/Pods-HW2.8.1/Pods-HW2.8.1-frameworks-${CONFIGURATION}-input-files.xcfilelist",
			);
			name = "[CP] Embed Pods Frameworks";
			outputFileListPaths = (
				"${PODS_ROOT}/Target Support Files/Pods-HW2.8.1/Pods-HW2.8.1-frameworks-${CONFIGURATION}-output-files.xcfilelist",
			);
			runOnlyForDeploymentPostprocessing = 0;
			shellPath = /bin/sh;
			shellScript = "\"${PODS_ROOT}/Target Support Files/Pods-HW2.8.1/Pods-HW2.8.1-frameworks.sh\"\n";
			showEnvVarsInLog = 0;
		};
		BC888A82BD0F966DC14B0325 /* [CP] Check Pods Manifest.lock */ = {
			isa = PBXShellScriptBuildPhase;
			buildActionMask = 2147483647;
			files = (
			);
			inputFileListPaths = (
			);
			inputPaths = (
				"${PODS_PODFILE_DIR_PATH}/Podfile.lock",
				"${PODS_ROOT}/Manifest.lock",
			);
			name = "[CP] Check Pods Manifest.lock";
			outputFileListPaths = (
			);
			outputPaths = (
				"$(DERIVED_FILE_DIR)/Pods-HW2.8.1-checkManifestLockResult.txt",
			);
			runOnlyForDeploymentPostprocessing = 0;
			shellPath = /bin/sh;
			shellScript = "diff \"${PODS_PODFILE_DIR_PATH}/Podfile.lock\" \"${PODS_ROOT}/Manifest.lock\" > /dev/null\nif [ $? != 0 ] ; then\n    # print error to STDERR\n    echo \"error: The sandbox is not in sync with the Podfile.lock. Run 'pod install' or update your CocoaPods installation.\" >&2\n    exit 1\nfi\n# This output is used by Xcode 'outputs' to avoid re-running this script phase.\necho \"SUCCESS\" > \"${SCRIPT_OUTPUT_FILE_0}\"\n";
			showEnvVarsInLog = 0;
		};
/* End PBXShellScriptBuildPhase section */

/* Begin PBXSourcesBuildPhase section */
		C7BA7A9C2515CF86008E13A3 /* Sources */ = {
			isa = PBXSourcesBuildPhase;
			buildActionMask = 2147483647;
			files = (
				C7BA7AA82515CF86008E13A3 /* AnimationsViewController.swift in Sources */,
				C7BA7AA42515CF86008E13A3 /* AppDelegate.swift in Sources */,
				C795A0092515D104006FA02A /* Animation.swift in Sources */,
				C7BA7AA62515CF86008E13A3 /* SceneDelegate.swift in Sources */,
			);
			runOnlyForDeploymentPostprocessing = 0;
		};
/* End PBXSourcesBuildPhase section */

/* Begin PBXVariantGroup section */
		C7BA7AA92515CF86008E13A3 /* Main.storyboard */ = {
			isa = PBXVariantGroup;
			children = (
				C7BA7AAA2515CF86008E13A3 /* Base */,
			);
			name = Main.storyboard;
			sourceTree = "<group>";
		};
		C7BA7AAE2515CF87008E13A3 /* LaunchScreen.storyboard */ = {
			isa = PBXVariantGroup;
			children = (
				C7BA7AAF2515CF87008E13A3 /* Base */,
			);
			name = LaunchScreen.storyboard;
			sourceTree = "<group>";
		};
/* End PBXVariantGroup section */

/* Begin XCBuildConfiguration section */
		C7BA7AB22515CF87008E13A3 /* Debug */ = {
			isa = XCBuildConfiguration;
			buildSettings = {
				ALWAYS_SEARCH_USER_PATHS = NO;
				CLANG_ANALYZER_NONNULL = YES;
				CLANG_ANALYZER_NUMBER_OBJECT_CONVERSION = YES_AGGRESSIVE;
				CLANG_CXX_LANGUAGE_STANDARD = "gnu++14";
				CLANG_CXX_LIBRARY = "libc++";
				CLANG_ENABLE_MODULES = YES;
				CLANG_ENABLE_OBJC_ARC = YES;
				CLANG_ENABLE_OBJC_WEAK = YES;
				CLANG_WARN_BLOCK_CAPTURE_AUTORELEASING = YES;
				CLANG_WARN_BOOL_CONVERSION = YES;
				CLANG_WARN_COMMA = YES;
				CLANG_WARN_CONSTANT_CONVERSION = YES;
				CLANG_WARN_DEPRECATED_OBJC_IMPLEMENTATIONS = YES;
				CLANG_WARN_DIRECT_OBJC_ISA_USAGE = YES_ERROR;
				CLANG_WARN_DOCUMENTATION_COMMENTS = YES;
				CLANG_WARN_EMPTY_BODY = YES;
				CLANG_WARN_ENUM_CONVERSION = YES;
				CLANG_WARN_INFINITE_RECURSION = YES;
				CLANG_WARN_INT_CONVERSION = YES;
				CLANG_WARN_NON_LITERAL_NULL_CONVERSION = YES;
				CLANG_WARN_OBJC_IMPLICIT_RETAIN_SELF = YES;
				CLANG_WARN_OBJC_LITERAL_CONVERSION = YES;
				CLANG_WARN_OBJC_ROOT_CLASS = YES_ERROR;
				CLANG_WARN_QUOTED_INCLUDE_IN_FRAMEWORK_HEADER = YES;
				CLANG_WARN_RANGE_LOOP_ANALYSIS = YES;
				CLANG_WARN_STRICT_PROTOTYPES = YES;
				CLANG_WARN_SUSPICIOUS_MOVE = YES;
				CLANG_WARN_UNGUARDED_AVAILABILITY = YES_AGGRESSIVE;
				CLANG_WARN_UNREACHABLE_CODE = YES;
				CLANG_WARN__DUPLICATE_METHOD_MATCH = YES;
				COPY_PHASE_STRIP = NO;
				DEBUG_INFORMATION_FORMAT = dwarf;
				ENABLE_STRICT_OBJC_MSGSEND = YES;
				ENABLE_TESTABILITY = YES;
				GCC_C_LANGUAGE_STANDARD = gnu11;
				GCC_DYNAMIC_NO_PIC = NO;
				GCC_NO_COMMON_BLOCKS = YES;
				GCC_OPTIMIZATION_LEVEL = 0;
				GCC_PREPROCESSOR_DEFINITIONS = (
					"DEBUG=1",
					"$(inherited)",
				);
				GCC_WARN_64_TO_32_BIT_CONVERSION = YES;
				GCC_WARN_ABOUT_RETURN_TYPE = YES_ERROR;
				GCC_WARN_UNDECLARED_SELECTOR = YES;
				GCC_WARN_UNINITIALIZED_AUTOS = YES_AGGRESSIVE;
				GCC_WARN_UNUSED_FUNCTION = YES;
				GCC_WARN_UNUSED_VARIABLE = YES;
				IPHONEOS_DEPLOYMENT_TARGET = 14.0;
				MTL_ENABLE_DEBUG_INFO = INCLUDE_SOURCE;
				MTL_FAST_MATH = YES;
				ONLY_ACTIVE_ARCH = YES;
				SDKROOT = iphoneos;
				SWIFT_ACTIVE_COMPILATION_CONDITIONS = DEBUG;
				SWIFT_OPTIMIZATION_LEVEL = "-Onone";
			};
			name = Debug;
		};
		C7BA7AB32515CF87008E13A3 /* Release */ = {
			isa = XCBuildConfiguration;
			buildSettings = {
				ALWAYS_SEARCH_USER_PATHS = NO;
				CLANG_ANALYZER_NONNULL = YES;
				CLANG_ANALYZER_NUMBER_OBJECT_CONVERSION = YES_AGGRESSIVE;
				CLANG_CXX_LANGUAGE_STANDARD = "gnu++14";
				CLANG_CXX_LIBRARY = "libc++";
				CLANG_ENABLE_MODULES = YES;
				CLANG_ENABLE_OBJC_ARC = YES;
				CLANG_ENABLE_OBJC_WEAK = YES;
				CLANG_WARN_BLOCK_CAPTURE_AUTORELEASING = YES;
				CLANG_WARN_BOOL_CONVERSION = YES;
				CLANG_WARN_COMMA = YES;
				CLANG_WARN_CONSTANT_CONVERSION = YES;
				CLANG_WARN_DEPRECATED_OBJC_IMPLEMENTATIONS = YES;
				CLANG_WARN_DIRECT_OBJC_ISA_USAGE = YES_ERROR;
				CLANG_WARN_DOCUMENTATION_COMMENTS = YES;
				CLANG_WARN_EMPTY_BODY = YES;
				CLANG_WARN_ENUM_CONVERSION = YES;
				CLANG_WARN_INFINITE_RECURSION = YES;
				CLANG_WARN_INT_CONVERSION = YES;
				CLANG_WARN_NON_LITERAL_NULL_CONVERSION = YES;
				CLANG_WARN_OBJC_IMPLICIT_RETAIN_SELF = YES;
				CLANG_WARN_OBJC_LITERAL_CONVERSION = YES;
				CLANG_WARN_OBJC_ROOT_CLASS = YES_ERROR;
				CLANG_WARN_QUOTED_INCLUDE_IN_FRAMEWORK_HEADER = YES;
				CLANG_WARN_RANGE_LOOP_ANALYSIS = YES;
				CLANG_WARN_STRICT_PROTOTYPES = YES;
				CLANG_WARN_SUSPICIOUS_MOVE = YES;
				CLANG_WARN_UNGUARDED_AVAILABILITY = YES_AGGRESSIVE;
				CLANG_WARN_UNREACHABLE_CODE = YES;
				CLANG_WARN__DUPLICATE_METHOD_MATCH = YES;
				COPY_PHASE_STRIP = NO;
				DEBUG_INFORMATION_FORMAT = "dwarf-with-dsym";
				ENABLE_NS_ASSERTIONS = NO;
				ENABLE_STRICT_OBJC_MSGSEND = YES;
				GCC_C_LANGUAGE_STANDARD = gnu11;
				GCC_NO_COMMON_BLOCKS = YES;
				GCC_WARN_64_TO_32_BIT_CONVERSION = YES;
				GCC_WARN_ABOUT_RETURN_TYPE = YES_ERROR;
				GCC_WARN_UNDECLARED_SELECTOR = YES;
				GCC_WARN_UNINITIALIZED_AUTOS = YES_AGGRESSIVE;
				GCC_WARN_UNUSED_FUNCTION = YES;
				GCC_WARN_UNUSED_VARIABLE = YES;
				IPHONEOS_DEPLOYMENT_TARGET = 14.0;
				MTL_ENABLE_DEBUG_INFO = NO;
				MTL_FAST_MATH = YES;
				SDKROOT = iphoneos;
				SWIFT_COMPILATION_MODE = wholemodule;
				SWIFT_OPTIMIZATION_LEVEL = "-O";
				VALIDATE_PRODUCT = YES;
			};
			name = Release;
		};
		C7BA7AB52515CF87008E13A3 /* Debug */ = {
			isa = XCBuildConfiguration;
			baseConfigurationReference = F0FF9B1E1A8B8EA1529A6E33 /* Pods-HW2.8.1.debug.xcconfig */;
			buildSettings = {
				ASSETCATALOG_COMPILER_APPICON_NAME = AppIcon;
				ASSETCATALOG_COMPILER_GLOBAL_ACCENT_COLOR_NAME = AccentColor;
				CODE_SIGN_STYLE = Automatic;
				DEVELOPMENT_TEAM = A5V636B7HL;
				INFOPLIST_FILE = HW2.8.1/SupportingFiles/Info.plist;
				LD_RUNPATH_SEARCH_PATHS = (
					"$(inherited)",
					"@executable_path/Frameworks",
				);
				PRODUCT_BUNDLE_IDENTIFIER = "SKD.HW2-8-1";
				PRODUCT_NAME = "$(TARGET_NAME)";
				SWIFT_VERSION = 5.0;
				TARGETED_DEVICE_FAMILY = "1,2";
			};
			name = Debug;
		};
		C7BA7AB62515CF87008E13A3 /* Release */ = {
			isa = XCBuildConfiguration;
			baseConfigurationReference = CAD27BF06E6DB232FC25EEB0 /* Pods-HW2.8.1.release.xcconfig */;
			buildSettings = {
				ASSETCATALOG_COMPILER_APPICON_NAME = AppIcon;
				ASSETCATALOG_COMPILER_GLOBAL_ACCENT_COLOR_NAME = AccentColor;
				CODE_SIGN_STYLE = Automatic;
				DEVELOPMENT_TEAM = A5V636B7HL;
				INFOPLIST_FILE = HW2.8.1/SupportingFiles/Info.plist;
				LD_RUNPATH_SEARCH_PATHS = (
					"$(inherited)",
					"@executable_path/Frameworks",
				);
				PRODUCT_BUNDLE_IDENTIFIER = "SKD.HW2-8-1";
				PRODUCT_NAME = "$(TARGET_NAME)";
				SWIFT_VERSION = 5.0;
				TARGETED_DEVICE_FAMILY = "1,2";
			};
			name = Release;
		};
/* End XCBuildConfiguration section */

/* Begin XCConfigurationList section */
		C7BA7A9B2515CF86008E13A3 /* Build configuration list for PBXProject "HW2.8.1" */ = {
			isa = XCConfigurationList;
			buildConfigurations = (
				C7BA7AB22515CF87008E13A3 /* Debug */,
				C7BA7AB32515CF87008E13A3 /* Release */,
			);
			defaultConfigurationIsVisible = 0;
			defaultConfigurationName = Release;
		};
		C7BA7AB42515CF87008E13A3 /* Build configuration list for PBXNativeTarget "HW2.8.1" */ = {
			isa = XCConfigurationList;
			buildConfigurations = (
				C7BA7AB52515CF87008E13A3 /* Debug */,
				C7BA7AB62515CF87008E13A3 /* Release */,
			);
			defaultConfigurationIsVisible = 0;
			defaultConfigurationName = Release;
		};
/* End XCConfigurationList section */
	};
	rootObject = C7BA7A982515CF86008E13A3 /* Project object */;
}
